
Microsoft Visual Studio Solution File, Format Version 12.00
# Visual Studio Version 16
VisualStudioVersion = 16.0.31624.102
MinimumVisualStudioVersion = 10.0.40219.1
Project("{FAE04EC0-301F-11D3-BF4B-00C04F79EFBC}") = "app-code", "app-code\app-code.csproj", "{8AAAA58F-127F-4E43-86E7-495881A86347}"
EndProject
Global
	GlobalSection(SolutionConfigurationPlatforms) = preSolution
		Debug|Any CPU = Debug|Any CPU
		Release|Any CPU = Release|Any CPU
	EndGlobalSection
	GlobalSection(ProjectConfigurationPlatforms) = postSolution
		{8AAAA58F-127F-4E43-86E7-495881A86347}.Debug|Any CPU.ActiveCfg = Debug|Any CPU
		{8AAAA58F-127F-4E43-86E7-495881A86347}.Debug|Any CPU.Build.0 = Debug|Any CPU
		{8AAAA58F-127F-4E43-86E7-495881A86347}.Release|Any CPU.ActiveCfg = Release|Any CPU
		{8AAAA58F-127F-4E43-86E7-495881A86347}.Release|Any CPU.Build.0 = Release|Any CPU
	EndGlobalSection
	GlobalSection(SolutionProperties) = preSolution
		HideSolutionNode = FALSE
	EndGlobalSection
	GlobalSection(ExtensibilityGlobals) = postSolution
		SolutionGuid = {22F28B05-9132-46E7-A9B1-926F20E87EF5}
	EndGlobalSection
EndGlobal
